
Microsoft Visual Studio Solution File, Format Version 12.00
# Visual Studio 15
Project("{FAE04EC0-301F-11D3-BF4B-00C04F79EFBC}") = "PhotonUnityNetworking.Demos", "PhotonUnityNetworking.Demos.csproj", "{A89E8178-C48C-085D-DA06-6E7BD8D1E5AD}"
EndProject
Project("{FAE04EC0-301F-11D3-BF4B-00C04F79EFBC}") = "PhotonUnityNetworking.Utilities", "PhotonUnityNetworking.Utilities.csproj", "{75418B30-7697-E2F7-6F87-19F8A73E06A0}"
EndProject
Project("{FAE04EC0-301F-11D3-BF4B-00C04F79EFBC}") = "PhotonChat", "PhotonChat.csproj", "{1867DAE4-D200-0B44-FC00-DDD718596476}"
EndProject
Project("{FAE04EC0-301F-11D3-BF4B-00C04F79EFBC}") = "Assembly-CSharp", "Assembly-CSharp.csproj", "{CEE3ADD3-FB91-9A7F-6635-2965F75E8B4C}"
EndProject
Project("{FAE04EC0-301F-11D3-BF4B-00C04F79EFBC}") = "PhotonUnityNetworking", "PhotonUnityNetworking.csproj", "{BBE4F7E8-B3FF-AA77-EAD7-3EC86C8DE6D2}"
EndProject
Project("{FAE04EC0-301F-11D3-BF4B-00C04F79EFBC}") = "PhotonRealtime", "PhotonRealtime.csproj", "{6F2FB644-76FA-7D85-AAFF-F44AFB28E41F}"
EndProject
Project("{FAE04EC0-301F-11D3-BF4B-00C04F79EFBC}") = "PhotonUnityNetworking.Editor", "PhotonUnityNetworking.Editor.csproj", "{E781B256-D34D-2B27-4082-3778B348B7D5}"
EndProject
Project("{FAE04EC0-301F-11D3-BF4B-00C04F79EFBC}") = "PunDemos.DemoHubEditor", "PunDemos.DemoHubEditor.csproj", "{D0F4B084-537D-6665-AC45-0359B7715C67}"
EndProject
Project("{FAE04EC0-301F-11D3-BF4B-00C04F79EFBC}") = "PhotonUnityNetworking.Utilities.PhotonPlayer.Editor", "PhotonUnityNetworking.Utilities.PhotonPlayer.Editor.csproj", "{B1822A89-8A74-32E8-322C-C614C7D809A5}"
EndProject
Project("{FAE04EC0-301F-11D3-BF4B-00C04F79EFBC}") = "Assembly-CSharp-Editor", "Assembly-CSharp-Editor.csproj", "{40B4D142-B65C-F32A-4A32-820DEC7F2987}"
EndProject
Project("{FAE04EC0-301F-11D3-BF4B-00C04F79EFBC}") = "PhotonUnityNetworking.Utilities.Culling.Editor", "PhotonUnityNetworking.Utilities.Culling.Editor.csproj", "{CCBBEA90-3E9D-8942-522D-3EFC934FCC9A}"
EndProject
Project("{FAE04EC0-301F-11D3-BF4B-00C04F79EFBC}") = "PunDemos.DemoSlotcarEditor", "PunDemos.DemoSlotcarEditor.csproj", "{20FC9640-0B64-6134-93CC-304F7D6C627F}"
EndProject
Global
	GlobalSection(SolutionConfigurationPlatforms) = preSolution
		Debug|Any CPU = Debug|Any CPU
		Release|Any CPU = Release|Any CPU
	EndGlobalSection
	GlobalSection(ProjectConfigurationPlatforms) = postSolution
		{A89E8178-C48C-085D-DA06-6E7BD8D1E5AD}.Debug|Any CPU.ActiveCfg = Debug|Any CPU
		{A89E8178-C48C-085D-DA06-6E7BD8D1E5AD}.Debug|Any CPU.Build.0 = Debug|Any CPU
		{A89E8178-C48C-085D-DA06-6E7BD8D1E5AD}.Release|Any CPU.ActiveCfg = Release|Any CPU
		{A89E8178-C48C-085D-DA06-6E7BD8D1E5AD}.Release|Any CPU.Build.0 = Release|Any CPU
		{75418B30-7697-E2F7-6F87-19F8A73E06A0}.Debug|Any CPU.ActiveCfg = Debug|Any CPU
		{75418B30-7697-E2F7-6F87-19F8A73E06A0}.Debug|Any CPU.Build.0 = Debug|Any CPU
		{75418B30-7697-E2F7-6F87-19F8A73E06A0}.Release|Any CPU.ActiveCfg = Release|Any CPU
		{75418B30-7697-E2F7-6F87-19F8A73E06A0}.Release|Any CPU.Build.0 = Release|Any CPU
		{1867DAE4-D200-0B44-FC00-DDD718596476}.Debug|Any CPU.ActiveCfg = Debug|Any CPU
		{1867DAE4-D200-0B44-FC00-DDD718596476}.Debug|Any CPU.Build.0 = Debug|Any CPU
		{1867DAE4-D200-0B44-FC00-DDD718596476}.Release|Any CPU.ActiveCfg = Release|Any CPU
		{1867DAE4-D200-0B44-FC00-DDD718596476}.Release|Any CPU.Build.0 = Release|Any CPU
		{CEE3ADD3-FB91-9A7F-6635-2965F75E8B4C}.Debug|Any CPU.ActiveCfg = Debug|Any CPU
		{CEE3ADD3-FB91-9A7F-6635-2965F75E8B4C}.Debug|Any CPU.Build.0 = Debug|Any CPU
		{CEE3ADD3-FB91-9A7F-6635-2965F75E8B4C}.Release|Any CPU.ActiveCfg = Release|Any CPU
		{CEE3ADD3-FB91-9A7F-6635-2965F75E8B4C}.Release|Any CPU.Build.0 = Release|Any CPU
		{BBE4F7E8-B3FF-AA77-EAD7-3EC86C8DE6D2}.Debug|Any CPU.ActiveCfg = Debug|Any CPU
		{BBE4F7E8-B3FF-AA77-EAD7-3EC86C8DE6D2}.Debug|Any CPU.Build.0 = Debug|Any CPU
		{BBE4F7E8-B3FF-AA77-EAD7-3EC86C8DE6D2}.Release|Any CPU.ActiveCfg = Release|Any CPU
		{BBE4F7E8-B3FF-AA77-EAD7-3EC86C8DE6D2}.Release|Any CPU.Build.0 = Release|Any CPU
		{6F2FB644-76FA-7D85-AAFF-F44AFB28E41F}.Debug|Any CPU.ActiveCfg = Debug|Any CPU
		{6F2FB644-76FA-7D85-AAFF-F44AFB28E41F}.Debug|Any CPU.Build.0 = Debug|Any CPU
		{6F2FB644-76FA-7D85-AAFF-F44AFB28E41F}.Release|Any CPU.ActiveCfg = Release|Any CPU
		{6F2FB644-76FA-7D85-AAFF-F44AFB28E41F}.Release|Any CPU.Build.0 = Release|Any CPU
		{E781B256-D34D-2B27-4082-3778B348B7D5}.Debug|Any CPU.ActiveCfg = Debug|Any CPU
		{E781B256-D34D-2B27-4082-3778B348B7D5}.Debug|Any CPU.Build.0 = Debug|Any CPU
		{E781B256-D34D-2B27-4082-3778B348B7D5}.Release|Any CPU.ActiveCfg = Release|Any CPU
		{E781B256-D34D-2B27-4082-3778B348B7D5}.Release|Any CPU.Build.0 = Release|Any CPU
		{D0F4B084-537D-6665-AC45-0359B7715C67}.Debug|Any CPU.ActiveCfg = Debug|Any CPU
		{D0F4B084-537D-6665-AC45-0359B7715C67}.Debug|Any CPU.Build.0 = Debug|Any CPU
		{D0F4B084-537D-6665-AC45-0359B7715C67}.Release|Any CPU.ActiveCfg = Release|Any CPU
		{D0F4B084-537D-6665-AC45-0359B7715C67}.Release|Any CPU.Build.0 = Release|Any CPU
		{B1822A89-8A74-32E8-322C-C614C7D809A5}.Debug|Any CPU.ActiveCfg = Debug|Any CPU
		{B1822A89-8A74-32E8-322C-C614C7D809A5}.Debug|Any CPU.Build.0 = Debug|Any CPU
		{B1822A89-8A74-32E8-322C-C614C7D809A5}.Release|Any CPU.ActiveCfg = Release|Any CPU
		{B1822A89-8A74-32E8-322C-C614C7D809A5}.Release|Any CPU.Build.0 = Release|Any CPU
		{40B4D142-B65C-F32A-4A32-820DEC7F2987}.Debug|Any CPU.ActiveCfg = Debug|Any CPU
		{40B4D142-B65C-F32A-4A32-820DEC7F2987}.Debug|Any CPU.Build.0 = Debug|Any CPU
		{40B4D142-B65C-F32A-4A32-820DEC7F2987}.Release|Any CPU.ActiveCfg = Release|Any CPU
		{40B4D142-B65C-F32A-4A32-820DEC7F2987}.Release|Any CPU.Build.0 = Release|Any CPU
		{CCBBEA90-3E9D-8942-522D-3EFC934FCC9A}.Debug|Any CPU.ActiveCfg = Debug|Any CPU
		{CCBBEA90-3E9D-8942-522D-3EFC934FCC9A}.Debug|Any CPU.Build.0 = Debug|Any CPU
		{CCBBEA90-3E9D-8942-522D-3EFC934FCC9A}.Release|Any CPU.ActiveCfg = Release|Any CPU
		{CCBBEA90-3E9D-8942-522D-3EFC934FCC9A}.Release|Any CPU.Build.0 = Release|Any CPU
		{20FC9640-0B64-6134-93CC-304F7D6C627F}.Debug|Any CPU.ActiveCfg = Debug|Any CPU
		{20FC9640-0B64-6134-93CC-304F7D6C627F}.Debug|Any CPU.Build.0 = Debug|Any CPU
		{20FC9640-0B64-6134-93CC-304F7D6C627F}.Release|Any CPU.ActiveCfg = Release|Any CPU
		{20FC9640-0B64-6134-93CC-304F7D6C627F}.Release|Any CPU.Build.0 = Release|Any CPU
	EndGlobalSection
	GlobalSection(SolutionProperties) = preSolution
		HideSolutionNode = FALSE
	EndGlobalSection
EndGlobal
